Microsoft Visual Studio Solution File, Format Version 7.00
Project("{FAE04EC0-301F-11D3-BF4B-00C04F79EFBC}") = "Desktop.app", "Desktop.app.csproj", "{1C016337-B0D4-4365-90D3-42CC6175AEB0}"
EndProject
Global
	GlobalSection(SolutionConfiguration) = preSolution
		ConfigName.0 = Debug
		ConfigName.1 = Release
	EndGlobalSection
	GlobalSection(ProjectDependencies) = postSolution
	EndGlobalSection
	GlobalSection(ProjectConfiguration) = postSolution
		{1C016337-B0D4-4365-90D3-42CC6175AEB0}.Debug.ActiveCfg = Debug|.NET
		{1C016337-B0D4-4365-90D3-42CC6175AEB0}.Debug.Build.0 = Debug|.NET
		{1C016337-B0D4-4365-90D3-42CC6175AEB0}.Release.ActiveCfg = Release|.NET
		{1C016337-B0D4-4365-90D3-42CC6175AEB0}.Release.Build.0 = Release|.NET
	EndGlobalSection
	GlobalSection(ExtensibilityGlobals) = postSolution
	EndGlobalSection
	GlobalSection(ExtensibilityAddIns) = postSolution
	EndGlobalSection
EndGlobal
