Microsoft Visual Studio Solution File, Format Version 7.00
Project("{FAE04EC0-301F-11D3-BF4B-00C04F79EFBC}") = "NNTP", "NNTP\NNTP.csproj", "{7C6A20CA-E859-41F5-8B2E-7411A63E8343}"
EndProject
Project("{FAE04EC0-301F-11D3-BF4B-00C04F79EFBC}") = "RsdnDataProvider", "RSDN\RsdnDataProvider.csproj", "{E2BA234B-F496-474F-BC39-DBF78ABB13A4}"
EndProject
Project("{FAE04EC0-301F-11D3-BF4B-00C04F79EFBC}") = "Console Test", "Console Test\Console Test.csproj", "{3512427B-A32E-4C8A-BF0A-7AF2DD1B3B54}"
EndProject
Project("{FAE04EC0-301F-11D3-BF4B-00C04F79EFBC}") = "Service", "Service\Service.csproj", "{DD935635-A49D-415E-B22A-C2B4DA0D5FD6}"
EndProject
Project("{FAE04EC0-301F-11D3-BF4B-00C04F79EFBC}") = "ServiceManager", "ServiceManager\ServiceManager.csproj", "{D40CDD65-2BFF-4556-9D97-25AEC2F27FF0}"
EndProject
Project("{54435603-DBB4-11D2-8724-00A0C9A8B90C}") = "Setup", "Setup\Setup.vdproj", "{DC246F5D-B0F3-48A6-9637-B5793E160EA7}"
EndProject
Project("{FAE04EC0-301F-11D3-BF4B-00C04F79EFBC}") = "MIME", "MIME\MIME.csproj", "{3246EAC3-12D9-4396-A36F-C10DB122873D}"
EndProject
Global
	GlobalSection(SolutionConfiguration) = preSolution
		ConfigName.0 = ControlTest
		ConfigName.1 = Debug
		ConfigName.2 = Release
		ConfigName.3 = Setup
	EndGlobalSection
	GlobalSection(ProjectDependencies) = postSolution
		{7C6A20CA-E859-41F5-8B2E-7411A63E8343}.0 = {3246EAC3-12D9-4396-A36F-C10DB122873D}
		{E2BA234B-F496-474F-BC39-DBF78ABB13A4}.0 = {7C6A20CA-E859-41F5-8B2E-7411A63E8343}
		{E2BA234B-F496-474F-BC39-DBF78ABB13A4}.1 = {7C6A20CA-E859-41F5-8B2E-7411A63E8343}
		{E2BA234B-F496-474F-BC39-DBF78ABB13A4}.2 = {7C6A20CA-E859-41F5-8B2E-7411A63E8343}
		{E2BA234B-F496-474F-BC39-DBF78ABB13A4}.3 = {7C6A20CA-E859-41F5-8B2E-7411A63E8343}
		{E2BA234B-F496-474F-BC39-DBF78ABB13A4}.4 = {7C6A20CA-E859-41F5-8B2E-7411A63E8343}
		{E2BA234B-F496-474F-BC39-DBF78ABB13A4}.5 = {7C6A20CA-E859-41F5-8B2E-7411A63E8343}
		{3512427B-A32E-4C8A-BF0A-7AF2DD1B3B54}.0 = {E2BA234B-F496-474F-BC39-DBF78ABB13A4}
		{3512427B-A32E-4C8A-BF0A-7AF2DD1B3B54}.1 = {7C6A20CA-E859-41F5-8B2E-7411A63E8343}
		{3512427B-A32E-4C8A-BF0A-7AF2DD1B3B54}.2 = {E2BA234B-F496-474F-BC39-DBF78ABB13A4}
		{3512427B-A32E-4C8A-BF0A-7AF2DD1B3B54}.3 = {E2BA234B-F496-474F-BC39-DBF78ABB13A4}
		{3512427B-A32E-4C8A-BF0A-7AF2DD1B3B54}.4 = {7C6A20CA-E859-41F5-8B2E-7411A63E8343}
		{3512427B-A32E-4C8A-BF0A-7AF2DD1B3B54}.5 = {E2BA234B-F496-474F-BC39-DBF78ABB13A4}
		{3512427B-A32E-4C8A-BF0A-7AF2DD1B3B54}.6 = {7C6A20CA-E859-41F5-8B2E-7411A63E8343}
		{3512427B-A32E-4C8A-BF0A-7AF2DD1B3B54}.7 = {7C6A20CA-E859-41F5-8B2E-7411A63E8343}
		{3512427B-A32E-4C8A-BF0A-7AF2DD1B3B54}.8 = {E2BA234B-F496-474F-BC39-DBF78ABB13A4}
		{3512427B-A32E-4C8A-BF0A-7AF2DD1B3B54}.9 = {7C6A20CA-E859-41F5-8B2E-7411A63E8343}
		{3512427B-A32E-4C8A-BF0A-7AF2DD1B3B54}.10 = {E2BA234B-F496-474F-BC39-DBF78ABB13A4}
		{3512427B-A32E-4C8A-BF0A-7AF2DD1B3B54}.11 = {7C6A20CA-E859-41F5-8B2E-7411A63E8343}
		{DD935635-A49D-415E-B22A-C2B4DA0D5FD6}.0 = {7C6A20CA-E859-41F5-8B2E-7411A63E8343}
		{DD935635-A49D-415E-B22A-C2B4DA0D5FD6}.1 = {E2BA234B-F496-474F-BC39-DBF78ABB13A4}
		{DD935635-A49D-415E-B22A-C2B4DA0D5FD6}.2 = {E2BA234B-F496-474F-BC39-DBF78ABB13A4}
		{DD935635-A49D-415E-B22A-C2B4DA0D5FD6}.3 = {E2BA234B-F496-474F-BC39-DBF78ABB13A4}
		{DD935635-A49D-415E-B22A-C2B4DA0D5FD6}.4 = {7C6A20CA-E859-41F5-8B2E-7411A63E8343}
		{DD935635-A49D-415E-B22A-C2B4DA0D5FD6}.5 = {7C6A20CA-E859-41F5-8B2E-7411A63E8343}
		{DD935635-A49D-415E-B22A-C2B4DA0D5FD6}.6 = {E2BA234B-F496-474F-BC39-DBF78ABB13A4}
		{DD935635-A49D-415E-B22A-C2B4DA0D5FD6}.7 = {7C6A20CA-E859-41F5-8B2E-7411A63E8343}
		{DD935635-A49D-415E-B22A-C2B4DA0D5FD6}.8 = {E2BA234B-F496-474F-BC39-DBF78ABB13A4}
		{DD935635-A49D-415E-B22A-C2B4DA0D5FD6}.9 = {7C6A20CA-E859-41F5-8B2E-7411A63E8343}
		{DD935635-A49D-415E-B22A-C2B4DA0D5FD6}.10 = {7C6A20CA-E859-41F5-8B2E-7411A63E8343}
		{DD935635-A49D-415E-B22A-C2B4DA0D5FD6}.11 = {E2BA234B-F496-474F-BC39-DBF78ABB13A4}
		{D40CDD65-2BFF-4556-9D97-25AEC2F27FF0}.0 = {DD935635-A49D-415E-B22A-C2B4DA0D5FD6}
		{D40CDD65-2BFF-4556-9D97-25AEC2F27FF0}.1 = {E2BA234B-F496-474F-BC39-DBF78ABB13A4}
		{D40CDD65-2BFF-4556-9D97-25AEC2F27FF0}.2 = {7C6A20CA-E859-41F5-8B2E-7411A63E8343}
		{DC246F5D-B0F3-48A6-9637-B5793E160EA7}.0 = {7C6A20CA-E859-41F5-8B2E-7411A63E8343}
		{DC246F5D-B0F3-48A6-9637-B5793E160EA7}.1 = {E2BA234B-F496-474F-BC39-DBF78ABB13A4}
		{DC246F5D-B0F3-48A6-9637-B5793E160EA7}.2 = {D40CDD65-2BFF-4556-9D97-25AEC2F27FF0}
		{DC246F5D-B0F3-48A6-9637-B5793E160EA7}.3 = {DD935635-A49D-415E-B22A-C2B4DA0D5FD6}
		{DC246F5D-B0F3-48A6-9637-B5793E160EA7}.4 = {DD935635-A49D-415E-B22A-C2B4DA0D5FD6}
		{DC246F5D-B0F3-48A6-9637-B5793E160EA7}.5 = {D40CDD65-2BFF-4556-9D97-25AEC2F27FF0}
		{DC246F5D-B0F3-48A6-9637-B5793E160EA7}.6 = {E2BA234B-F496-474F-BC39-DBF78ABB13A4}
		{DC246F5D-B0F3-48A6-9637-B5793E160EA7}.7 = {7C6A20CA-E859-41F5-8B2E-7411A63E8343}
		{DC246F5D-B0F3-48A6-9637-B5793E160EA7}.8 = {DD935635-A49D-415E-B22A-C2B4DA0D5FD6}
		{DC246F5D-B0F3-48A6-9637-B5793E160EA7}.9 = {D40CDD65-2BFF-4556-9D97-25AEC2F27FF0}
		{DC246F5D-B0F3-48A6-9637-B5793E160EA7}.10 = {E2BA234B-F496-474F-BC39-DBF78ABB13A4}
		{DC246F5D-B0F3-48A6-9637-B5793E160EA7}.11 = {7C6A20CA-E859-41F5-8B2E-7411A63E8343}
		{DC246F5D-B0F3-48A6-9637-B5793E160EA7}.12 = {DD935635-A49D-415E-B22A-C2B4DA0D5FD6}
		{DC246F5D-B0F3-48A6-9637-B5793E160EA7}.13 = {DD935635-A49D-415E-B22A-C2B4DA0D5FD6}
		{DC246F5D-B0F3-48A6-9637-B5793E160EA7}.14 = {D40CDD65-2BFF-4556-9D97-25AEC2F27FF0}
	EndGlobalSection
	GlobalSection(ProjectConfiguration) = postSolution
		{7C6A20CA-E859-41F5-8B2E-7411A63E8343}.ControlTest.ActiveCfg = Debug|.NET
		{7C6A20CA-E859-41F5-8B2E-7411A63E8343}.ControlTest.Build.0 = Debug|.NET
		{7C6A20CA-E859-41F5-8B2E-7411A63E8343}.Debug.ActiveCfg = Debug|.NET
		{7C6A20CA-E859-41F5-8B2E-7411A63E8343}.Debug.Build.0 = Debug|.NET
		{7C6A20CA-E859-41F5-8B2E-7411A63E8343}.Release.ActiveCfg = Release|.NET
		{7C6A20CA-E859-41F5-8B2E-7411A63E8343}.Release.Build.0 = Release|.NET
		{7C6A20CA-E859-41F5-8B2E-7411A63E8343}.Setup.ActiveCfg = Release|.NET
		{7C6A20CA-E859-41F5-8B2E-7411A63E8343}.Setup.Build.0 = Release|.NET
		{E2BA234B-F496-474F-BC39-DBF78ABB13A4}.ControlTest.ActiveCfg = Debug|.NET
		{E2BA234B-F496-474F-BC39-DBF78ABB13A4}.Debug.ActiveCfg = Debug|.NET
		{E2BA234B-F496-474F-BC39-DBF78ABB13A4}.Debug.Build.0 = Debug|.NET
		{E2BA234B-F496-474F-BC39-DBF78ABB13A4}.Release.ActiveCfg = Release|.NET
		{E2BA234B-F496-474F-BC39-DBF78ABB13A4}.Release.Build.0 = Release|.NET
		{E2BA234B-F496-474F-BC39-DBF78ABB13A4}.Setup.ActiveCfg = Release|.NET
		{E2BA234B-F496-474F-BC39-DBF78ABB13A4}.Setup.Build.0 = Release|.NET
		{3512427B-A32E-4C8A-BF0A-7AF2DD1B3B54}.ControlTest.ActiveCfg = Debug|.NET
		{3512427B-A32E-4C8A-BF0A-7AF2DD1B3B54}.Debug.ActiveCfg = Debug|.NET
		{3512427B-A32E-4C8A-BF0A-7AF2DD1B3B54}.Debug.Build.0 = Debug|.NET
		{3512427B-A32E-4C8A-BF0A-7AF2DD1B3B54}.Release.ActiveCfg = Release|.NET
		{3512427B-A32E-4C8A-BF0A-7AF2DD1B3B54}.Release.Build.0 = Release|.NET
		{3512427B-A32E-4C8A-BF0A-7AF2DD1B3B54}.Setup.ActiveCfg = Release|.NET
		{DD935635-A49D-415E-B22A-C2B4DA0D5FD6}.ControlTest.ActiveCfg = Debug|.NET
		{DD935635-A49D-415E-B22A-C2B4DA0D5FD6}.Debug.ActiveCfg = Debug|.NET
		{DD935635-A49D-415E-B22A-C2B4DA0D5FD6}.Debug.Build.0 = Debug|.NET
		{DD935635-A49D-415E-B22A-C2B4DA0D5FD6}.Release.ActiveCfg = Release|.NET
		{DD935635-A49D-415E-B22A-C2B4DA0D5FD6}.Release.Build.0 = Release|.NET
		{DD935635-A49D-415E-B22A-C2B4DA0D5FD6}.Setup.ActiveCfg = Release|.NET
		{DD935635-A49D-415E-B22A-C2B4DA0D5FD6}.Setup.Build.0 = Release|.NET
		{D40CDD65-2BFF-4556-9D97-25AEC2F27FF0}.ControlTest.ActiveCfg = Debug|.NET
		{D40CDD65-2BFF-4556-9D97-25AEC2F27FF0}.ControlTest.Build.0 = Debug|.NET
		{D40CDD65-2BFF-4556-9D97-25AEC2F27FF0}.Debug.ActiveCfg = Debug|.NET
		{D40CDD65-2BFF-4556-9D97-25AEC2F27FF0}.Debug.Build.0 = Debug|.NET
		{D40CDD65-2BFF-4556-9D97-25AEC2F27FF0}.Release.ActiveCfg = Release|.NET
		{D40CDD65-2BFF-4556-9D97-25AEC2F27FF0}.Release.Build.0 = Release|.NET
		{D40CDD65-2BFF-4556-9D97-25AEC2F27FF0}.Setup.ActiveCfg = Release|.NET
		{D40CDD65-2BFF-4556-9D97-25AEC2F27FF0}.Setup.Build.0 = Release|.NET
		{DC246F5D-B0F3-48A6-9637-B5793E160EA7}.ControlTest.ActiveCfg = Release
		{DC246F5D-B0F3-48A6-9637-B5793E160EA7}.Debug.ActiveCfg = Debug
		{DC246F5D-B0F3-48A6-9637-B5793E160EA7}.Release.ActiveCfg = Release
		{DC246F5D-B0F3-48A6-9637-B5793E160EA7}.Setup.ActiveCfg = Release
		{DC246F5D-B0F3-48A6-9637-B5793E160EA7}.Setup.Build.0 = Release
		{3246EAC3-12D9-4396-A36F-C10DB122873D}.ControlTest.ActiveCfg = Release|.NET
		{3246EAC3-12D9-4396-A36F-C10DB122873D}.ControlTest.Build.0 = Release|.NET
		{3246EAC3-12D9-4396-A36F-C10DB122873D}.Debug.ActiveCfg = Debug|.NET
		{3246EAC3-12D9-4396-A36F-C10DB122873D}.Debug.Build.0 = Debug|.NET
		{3246EAC3-12D9-4396-A36F-C10DB122873D}.Release.ActiveCfg = Release|.NET
		{3246EAC3-12D9-4396-A36F-C10DB122873D}.Release.Build.0 = Release|.NET
		{3246EAC3-12D9-4396-A36F-C10DB122873D}.Setup.ActiveCfg = Release|.NET
		{3246EAC3-12D9-4396-A36F-C10DB122873D}.Setup.Build.0 = Release|.NET
	EndGlobalSection
	GlobalSection(SolutionItems) = postSolution
		Item:1 = ProductInfo.cs
	EndGlobalSection
	GlobalSection(ExtensibilityGlobals) = postSolution
	EndGlobalSection
	GlobalSection(ExtensibilityAddIns) = postSolution
	EndGlobalSection
EndGlobal
