Microsoft Visual Studio Solution File, Format Version 8.00
Project("{FAE04EC0-301F-11D3-BF4B-00C04F79EFBC}") = "MIME", "MIME\MIME.csproj", "{3246EAC3-12D9-4396-A36F-C10DB122873D}"
	ProjectSection(ProjectDependencies) = postProject
	EndProjectSection
EndProject
Project("{FAE04EC0-301F-11D3-BF4B-00C04F79EFBC}") = "NNTP", "NNTP\NNTP.csproj", "{7C6A20CA-E859-41F5-8B2E-7411A63E8343}"
	ProjectSection(ProjectDependencies) = postProject
	EndProjectSection
EndProject
Project("{FAE04EC0-301F-11D3-BF4B-00C04F79EFBC}") = "RsdnDataProvider", "RSDN\RsdnDataProvider.csproj", "{E2BA234B-F496-474F-BC39-DBF78ABB13A4}"
	ProjectSection(ProjectDependencies) = postProject
	EndProjectSection
EndProject
Project("{FAE04EC0-301F-11D3-BF4B-00C04F79EFBC}") = "Service", "Service\Service.csproj", "{DD935635-A49D-415E-B22A-C2B4DA0D5FD6}"
	ProjectSection(ProjectDependencies) = postProject
	EndProjectSection
EndProject
Project("{FAE04EC0-301F-11D3-BF4B-00C04F79EFBC}") = "ServiceManager", "ServiceManager\ServiceManager.csproj", "{D40CDD65-2BFF-4556-9D97-25AEC2F27FF0}"
	ProjectSection(ProjectDependencies) = postProject
	EndProjectSection
EndProject
Project("{54435603-DBB4-11D2-8724-00A0C9A8B90C}") = "Setup", "Setup\Setup.vdproj", "{0F624B40-157B-4634-84CC-69D436CE4E15}"
	ProjectSection(ProjectDependencies) = postProject
	EndProjectSection
EndProject
Project("{FAE04EC0-301F-11D3-BF4B-00C04F79EFBC}") = "Console Test", "Console Test\Console Test.csproj", "{3512427B-A32E-4C8A-BF0A-7AF2DD1B3B54}"
	ProjectSection(ProjectDependencies) = postProject
	EndProjectSection
EndProject
Global
	GlobalSection(SolutionConfiguration) = preSolution
		Debug = Debug
		Release = Release
	EndGlobalSection
	GlobalSection(ProjectConfiguration) = postSolution
		{3246EAC3-12D9-4396-A36F-C10DB122873D}.Debug.ActiveCfg = Debug|.NET
		{3246EAC3-12D9-4396-A36F-C10DB122873D}.Debug.Build.0 = Debug|.NET
		{3246EAC3-12D9-4396-A36F-C10DB122873D}.Release.ActiveCfg = Release|.NET
		{3246EAC3-12D9-4396-A36F-C10DB122873D}.Release.Build.0 = Release|.NET
		{7C6A20CA-E859-41F5-8B2E-7411A63E8343}.Debug.ActiveCfg = Debug|.NET
		{7C6A20CA-E859-41F5-8B2E-7411A63E8343}.Debug.Build.0 = Debug|.NET
		{7C6A20CA-E859-41F5-8B2E-7411A63E8343}.Release.ActiveCfg = Release|.NET
		{7C6A20CA-E859-41F5-8B2E-7411A63E8343}.Release.Build.0 = Release|.NET
		{E2BA234B-F496-474F-BC39-DBF78ABB13A4}.Debug.ActiveCfg = Debug|.NET
		{E2BA234B-F496-474F-BC39-DBF78ABB13A4}.Debug.Build.0 = Debug|.NET
		{E2BA234B-F496-474F-BC39-DBF78ABB13A4}.Release.ActiveCfg = Release|.NET
		{E2BA234B-F496-474F-BC39-DBF78ABB13A4}.Release.Build.0 = Release|.NET
		{DD935635-A49D-415E-B22A-C2B4DA0D5FD6}.Debug.ActiveCfg = Debug|.NET
		{DD935635-A49D-415E-B22A-C2B4DA0D5FD6}.Debug.Build.0 = Debug|.NET
		{DD935635-A49D-415E-B22A-C2B4DA0D5FD6}.Release.ActiveCfg = Release|.NET
		{DD935635-A49D-415E-B22A-C2B4DA0D5FD6}.Release.Build.0 = Release|.NET
		{D40CDD65-2BFF-4556-9D97-25AEC2F27FF0}.Debug.ActiveCfg = Debug|.NET
		{D40CDD65-2BFF-4556-9D97-25AEC2F27FF0}.Debug.Build.0 = Debug|.NET
		{D40CDD65-2BFF-4556-9D97-25AEC2F27FF0}.Release.ActiveCfg = Release|.NET
		{D40CDD65-2BFF-4556-9D97-25AEC2F27FF0}.Release.Build.0 = Release|.NET
		{0F624B40-157B-4634-84CC-69D436CE4E15}.Debug.ActiveCfg = Debug
		{0F624B40-157B-4634-84CC-69D436CE4E15}.Release.ActiveCfg = Release
		{0F624B40-157B-4634-84CC-69D436CE4E15}.Release.Build.0 = Release
		{3512427B-A32E-4C8A-BF0A-7AF2DD1B3B54}.Debug.ActiveCfg = Debug|.NET
		{3512427B-A32E-4C8A-BF0A-7AF2DD1B3B54}.Debug.Build.0 = Debug|.NET
		{3512427B-A32E-4C8A-BF0A-7AF2DD1B3B54}.Release.ActiveCfg = Release|.NET
		{3512427B-A32E-4C8A-BF0A-7AF2DD1B3B54}.Release.Build.0 = Release|.NET
	EndGlobalSection
	GlobalSection(SolutionItems) = postSolution
		ProductInfo.cs = ProductInfo.cs
		TODO.txt = TODO.txt
	EndGlobalSection
	GlobalSection(ExtensibilityGlobals) = postSolution
	EndGlobalSection
	GlobalSection(ExtensibilityAddIns) = postSolution
	EndGlobalSection
EndGlobal
